
Microsoft Visual Studio Solution File, Format Version 12.00
# Visual Studio 2012
Project("{FAE04EC0-301F-11D3-BF4B-00C04F79EFBC}") = "WpfGreedySnake", "Snake\WpfGreedySnake\WpfGreedySnake.csproj", "{8E3905DC-A5AE-4B4A-9906-10AAB5E91AF8}"
EndProject
Project("{FAE04EC0-301F-11D3-BF4B-00C04F79EFBC}") = "GreedySnakeLibrary", "Snake\GreedySnakeLibrary\GreedySnakeLibrary.csproj", "{4012DFAA-7D47-43EC-B8D7-118946572DF6}"
EndProject
Project("{FAE04EC0-301F-11D3-BF4B-00C04F79EFBC}") = "WinFormGreedySnake", "Snake\WinFormGreedySnake\WinFormGreedySnake.csproj", "{C391FE60-5664-4790-8201-28AA4126DFEF}"
EndProject
Project("{FAE04EC0-301F-11D3-BF4B-00C04F79EFBC}") = "ASample", "Snake\ASample\ASample.csproj", "{1CF81D71-20DE-4587-95DE-722627E21E93}"
EndProject
Project("{FAE04EC0-301F-11D3-BF4B-00C04F79EFBC}") = "WinFormControls", "Utilities\WinFormControls\WinFormControls.csproj", "{1B23D1E3-DB79-4EC3-BC16-75E1E0C39DFB}"
EndProject
Project("{2150E333-8FDC-42A3-9474-1A3956D46DE8}") = "GreedySnake", "GreedySnake", "{D9166DE6-DC81-40BF-A9A7-2B3E43E90DA3}"
EndProject
Project("{2150E333-8FDC-42A3-9474-1A3956D46DE8}") = "Utilities", "Utilities", "{56CCE764-F6A9-4940-8756-7176F2DD03CD}"
EndProject
Project("{2150E333-8FDC-42A3-9474-1A3956D46DE8}") = "Tetris", "Tetris", "{0AB9529A-4E8B-4C69-9627-6C69D4FFE03C}"
EndProject
Project("{FAE04EC0-301F-11D3-BF4B-00C04F79EFBC}") = "WpfTetris", "Tetris\WpfTetris\WpfTetris.csproj", "{A0E81F79-A897-4C62-93ED-A6B48D711432}"
EndProject
Project("{FAE04EC0-301F-11D3-BF4B-00C04F79EFBC}") = "TetrisLibrary", "Tetris\TetrisLibrary\TetrisLibrary.csproj", "{06744468-067F-46B4-9AE7-32125439A840}"
EndProject
Project("{FAE04EC0-301F-11D3-BF4B-00C04F79EFBC}") = "WinFormTetris", "Tetris\WinFormTetris\WinFormTetris.csproj", "{703E5982-020C-4319-BCE9-AF6B2EC5928E}"
EndProject
Project("{2150E333-8FDC-42A3-9474-1A3956D46DE8}") = "TinyGame", "TinyGame", "{DADD4BE7-DFDF-429A-AC0C-B9B71238BA1F}"
EndProject
Project("{FAE04EC0-301F-11D3-BF4B-00C04F79EFBC}") = "SimpleGame", "TinyGame\SimpleGame.csproj", "{517593D6-DE30-4FD3-80F1-D99F02AD8B04}"
EndProject
Project("{FAE04EC0-301F-11D3-BF4B-00C04F79EFBC}") = "CommonHelper", "Utilities\CommonHelper\CommonHelper.csproj", "{536B4BB4-7378-4DD8-8DBC-AABD060B9350}"
EndProject
Project("{FAE04EC0-301F-11D3-BF4B-00C04F79EFBC}") = "BasicLibrary", "Utilities\BasicLibrary\BasicLibrary.csproj", "{BDC02190-857B-4AA1-9E30-83661E864F09}"
EndProject
Project("{FAE04EC0-301F-11D3-BF4B-00C04F79EFBC}") = "ChinaBlock", "Tetris\Samples\ChinaBlock\ChinaBlock.csproj", "{B3499150-EF72-407F-A1AF-39325BCE40EC}"
EndProject
Project("{2150E333-8FDC-42A3-9474-1A3956D46DE8}") = "Landlords", "Landlords", "{E81018F5-8830-4DD6-8B65-7F3AA7CB3D54}"
EndProject
Project("{FAE04EC0-301F-11D3-BF4B-00C04F79EFBC}") = "LandlordsLibrary", "Landlords\LandlordsLibrary\LandlordsLibrary.csproj", "{D2998252-1DCF-4A92-8DDA-C6B6C5958891}"
EndProject
Project("{FAE04EC0-301F-11D3-BF4B-00C04F79EFBC}") = "WpfLandlords", "Landlords\WpfLandlords\WpfLandlords.csproj", "{C0964E79-760E-4044-8F83-A3FD019FB25C}"
EndProject
Project("{FAE04EC0-301F-11D3-BF4B-00C04F79EFBC}") = "ASample", "Landlords\Samples\ASample.csproj", "{CFFEC94F-E6E8-4060-8E52-C9354F65866B}"
EndProject
Project("{FAE04EC0-301F-11D3-BF4B-00C04F79EFBC}") = "LandlordsServer", "Landlords\NetworkVersion\LandlordsServer\LandlordsServer.csproj", "{B58D429A-8C11-4A27-91FD-9A3431561D7F}"
EndProject
Project("{FAE04EC0-301F-11D3-BF4B-00C04F79EFBC}") = "LandlordsClient", "Landlords\NetworkVersion\LandlordsClient\LandlordsClient.csproj", "{8A4549BF-6405-4622-BFCF-869BBD6EE700}"
EndProject
Project("{2150E333-8FDC-42A3-9474-1A3956D46DE8}") = "NetworkVersion", "NetworkVersion", "{379986D2-BBCF-4E2B-8B41-4BC31EC19EAD}"
EndProject
Project("{FAE04EC0-301F-11D3-BF4B-00C04F79EFBC}") = "CommunicationTcpClient", "Utilities\Communication\CommunicationTcpClient.csproj", "{64286920-A476-48C3-9A6D-8895601C4A2A}"
EndProject
Project("{FAE04EC0-301F-11D3-BF4B-00C04F79EFBC}") = "CommunicationTcpServer", "Utilities\CommunicationTcpServer\CommunicationTcpServer.csproj", "{D16F85FA-D016-40AC-9357-DF455E0E48A8}"
EndProject
Project("{FAE04EC0-301F-11D3-BF4B-00C04F79EFBC}") = "WindowsFormsApplicationTestSocketClient", "Utilities\WindowsFormsApplicationTestSocket\WindowsFormsApplicationTestSocketClient.csproj", "{08D4C090-A6E3-4ED1-9D4C-C88636AFAFEE}"
EndProject
Project("{FAE04EC0-301F-11D3-BF4B-00C04F79EFBC}") = "WinFormLandlordsStandaloneIndependant", "Landlords\WinFormLandlordsIndependant\WinFormLandlordsStandaloneIndependant.csproj", "{7CB99ACF-7F3A-41D4-969F-1B5EB4B5A8B7}"
EndProject
Project("{FAE04EC0-301F-11D3-BF4B-00C04F79EFBC}") = "WindowsFormsApplicationTestSocketServer", "Utilities\WindowsFormsApplicationTestSocketServer\WindowsFormsApplicationTestSocketServer.csproj", "{1EF3C646-DD5D-440D-BD34-636285D5EB51}"
EndProject
Project("{FAE04EC0-301F-11D3-BF4B-00C04F79EFBC}") = "WindowsFormsApplicationTestSocketLibrary", "Utilities\WindowsFormsApplicationTestSocketLibrary\WindowsFormsApplicationTestSocketLibrary.csproj", "{5DB99504-5C74-4F11-99A1-8512728A31A9}"
EndProject
Global
	GlobalSection(SolutionConfigurationPlatforms) = preSolution
		Debug|Any CPU = Debug|Any CPU
		Release|Any CPU = Release|Any CPU
	EndGlobalSection
	GlobalSection(ProjectConfigurationPlatforms) = postSolution
		{8E3905DC-A5AE-4B4A-9906-10AAB5E91AF8}.Debug|Any CPU.ActiveCfg = Debug|Any CPU
		{8E3905DC-A5AE-4B4A-9906-10AAB5E91AF8}.Debug|Any CPU.Build.0 = Debug|Any CPU
		{8E3905DC-A5AE-4B4A-9906-10AAB5E91AF8}.Release|Any CPU.ActiveCfg = Release|Any CPU
		{8E3905DC-A5AE-4B4A-9906-10AAB5E91AF8}.Release|Any CPU.Build.0 = Release|Any CPU
		{4012DFAA-7D47-43EC-B8D7-118946572DF6}.Debug|Any CPU.ActiveCfg = Debug|Any CPU
		{4012DFAA-7D47-43EC-B8D7-118946572DF6}.Debug|Any CPU.Build.0 = Debug|Any CPU
		{4012DFAA-7D47-43EC-B8D7-118946572DF6}.Release|Any CPU.ActiveCfg = Release|Any CPU
		{4012DFAA-7D47-43EC-B8D7-118946572DF6}.Release|Any CPU.Build.0 = Release|Any CPU
		{C391FE60-5664-4790-8201-28AA4126DFEF}.Debug|Any CPU.ActiveCfg = Debug|Any CPU
		{C391FE60-5664-4790-8201-28AA4126DFEF}.Debug|Any CPU.Build.0 = Debug|Any CPU
		{C391FE60-5664-4790-8201-28AA4126DFEF}.Release|Any CPU.ActiveCfg = Release|Any CPU
		{C391FE60-5664-4790-8201-28AA4126DFEF}.Release|Any CPU.Build.0 = Release|Any CPU
		{1CF81D71-20DE-4587-95DE-722627E21E93}.Debug|Any CPU.ActiveCfg = Debug|Any CPU
		{1CF81D71-20DE-4587-95DE-722627E21E93}.Debug|Any CPU.Build.0 = Debug|Any CPU
		{1CF81D71-20DE-4587-95DE-722627E21E93}.Release|Any CPU.ActiveCfg = Release|Any CPU
		{1CF81D71-20DE-4587-95DE-722627E21E93}.Release|Any CPU.Build.0 = Release|Any CPU
		{1B23D1E3-DB79-4EC3-BC16-75E1E0C39DFB}.Debug|Any CPU.ActiveCfg = Debug|Any CPU
		{1B23D1E3-DB79-4EC3-BC16-75E1E0C39DFB}.Debug|Any CPU.Build.0 = Debug|Any CPU
		{1B23D1E3-DB79-4EC3-BC16-75E1E0C39DFB}.Release|Any CPU.ActiveCfg = Release|Any CPU
		{1B23D1E3-DB79-4EC3-BC16-75E1E0C39DFB}.Release|Any CPU.Build.0 = Release|Any CPU
		{A0E81F79-A897-4C62-93ED-A6B48D711432}.Debug|Any CPU.ActiveCfg = Debug|Any CPU
		{A0E81F79-A897-4C62-93ED-A6B48D711432}.Debug|Any CPU.Build.0 = Debug|Any CPU
		{A0E81F79-A897-4C62-93ED-A6B48D711432}.Release|Any CPU.ActiveCfg = Release|Any CPU
		{A0E81F79-A897-4C62-93ED-A6B48D711432}.Release|Any CPU.Build.0 = Release|Any CPU
		{06744468-067F-46B4-9AE7-32125439A840}.Debug|Any CPU.ActiveCfg = Debug|Any CPU
		{06744468-067F-46B4-9AE7-32125439A840}.Debug|Any CPU.Build.0 = Debug|Any CPU
		{06744468-067F-46B4-9AE7-32125439A840}.Release|Any CPU.ActiveCfg = Release|Any CPU
		{06744468-067F-46B4-9AE7-32125439A840}.Release|Any CPU.Build.0 = Release|Any CPU
		{703E5982-020C-4319-BCE9-AF6B2EC5928E}.Debug|Any CPU.ActiveCfg = Debug|Any CPU
		{703E5982-020C-4319-BCE9-AF6B2EC5928E}.Debug|Any CPU.Build.0 = Debug|Any CPU
		{703E5982-020C-4319-BCE9-AF6B2EC5928E}.Release|Any CPU.ActiveCfg = Release|Any CPU
		{703E5982-020C-4319-BCE9-AF6B2EC5928E}.Release|Any CPU.Build.0 = Release|Any CPU
		{517593D6-DE30-4FD3-80F1-D99F02AD8B04}.Debug|Any CPU.ActiveCfg = Debug|Any CPU
		{517593D6-DE30-4FD3-80F1-D99F02AD8B04}.Debug|Any CPU.Build.0 = Debug|Any CPU
		{517593D6-DE30-4FD3-80F1-D99F02AD8B04}.Release|Any CPU.ActiveCfg = Release|Any CPU
		{517593D6-DE30-4FD3-80F1-D99F02AD8B04}.Release|Any CPU.Build.0 = Release|Any CPU
		{536B4BB4-7378-4DD8-8DBC-AABD060B9350}.Debug|Any CPU.ActiveCfg = Debug|Any CPU
		{536B4BB4-7378-4DD8-8DBC-AABD060B9350}.Debug|Any CPU.Build.0 = Debug|Any CPU
		{536B4BB4-7378-4DD8-8DBC-AABD060B9350}.Release|Any CPU.ActiveCfg = Release|Any CPU
		{536B4BB4-7378-4DD8-8DBC-AABD060B9350}.Release|Any CPU.Build.0 = Release|Any CPU
		{BDC02190-857B-4AA1-9E30-83661E864F09}.Debug|Any CPU.ActiveCfg = Debug|Any CPU
		{BDC02190-857B-4AA1-9E30-83661E864F09}.Debug|Any CPU.Build.0 = Debug|Any CPU
		{BDC02190-857B-4AA1-9E30-83661E864F09}.Release|Any CPU.ActiveCfg = Release|Any CPU
		{BDC02190-857B-4AA1-9E30-83661E864F09}.Release|Any CPU.Build.0 = Release|Any CPU
		{B3499150-EF72-407F-A1AF-39325BCE40EC}.Debug|Any CPU.ActiveCfg = Debug|Any CPU
		{B3499150-EF72-407F-A1AF-39325BCE40EC}.Debug|Any CPU.Build.0 = Debug|Any CPU
		{B3499150-EF72-407F-A1AF-39325BCE40EC}.Release|Any CPU.ActiveCfg = Release|Any CPU
		{B3499150-EF72-407F-A1AF-39325BCE40EC}.Release|Any CPU.Build.0 = Release|Any CPU
		{D2998252-1DCF-4A92-8DDA-C6B6C5958891}.Debug|Any CPU.ActiveCfg = Debug|Any CPU
		{D2998252-1DCF-4A92-8DDA-C6B6C5958891}.Debug|Any CPU.Build.0 = Debug|Any CPU
		{D2998252-1DCF-4A92-8DDA-C6B6C5958891}.Release|Any CPU.ActiveCfg = Release|Any CPU
		{D2998252-1DCF-4A92-8DDA-C6B6C5958891}.Release|Any CPU.Build.0 = Release|Any CPU
		{C0964E79-760E-4044-8F83-A3FD019FB25C}.Debug|Any CPU.ActiveCfg = Debug|Any CPU
		{C0964E79-760E-4044-8F83-A3FD019FB25C}.Debug|Any CPU.Build.0 = Debug|Any CPU
		{C0964E79-760E-4044-8F83-A3FD019FB25C}.Release|Any CPU.ActiveCfg = Release|Any CPU
		{C0964E79-760E-4044-8F83-A3FD019FB25C}.Release|Any CPU.Build.0 = Release|Any CPU
		{CFFEC94F-E6E8-4060-8E52-C9354F65866B}.Debug|Any CPU.ActiveCfg = Debug|Any CPU
		{CFFEC94F-E6E8-4060-8E52-C9354F65866B}.Debug|Any CPU.Build.0 = Debug|Any CPU
		{CFFEC94F-E6E8-4060-8E52-C9354F65866B}.Release|Any CPU.ActiveCfg = Release|Any CPU
		{CFFEC94F-E6E8-4060-8E52-C9354F65866B}.Release|Any CPU.Build.0 = Release|Any CPU
		{B58D429A-8C11-4A27-91FD-9A3431561D7F}.Debug|Any CPU.ActiveCfg = Debug|Any CPU
		{B58D429A-8C11-4A27-91FD-9A3431561D7F}.Debug|Any CPU.Build.0 = Debug|Any CPU
		{B58D429A-8C11-4A27-91FD-9A3431561D7F}.Release|Any CPU.ActiveCfg = Release|Any CPU
		{B58D429A-8C11-4A27-91FD-9A3431561D7F}.Release|Any CPU.Build.0 = Release|Any CPU
		{8A4549BF-6405-4622-BFCF-869BBD6EE700}.Debug|Any CPU.ActiveCfg = Debug|Any CPU
		{8A4549BF-6405-4622-BFCF-869BBD6EE700}.Debug|Any CPU.Build.0 = Debug|Any CPU
		{8A4549BF-6405-4622-BFCF-869BBD6EE700}.Release|Any CPU.ActiveCfg = Release|Any CPU
		{8A4549BF-6405-4622-BFCF-869BBD6EE700}.Release|Any CPU.Build.0 = Release|Any CPU
		{64286920-A476-48C3-9A6D-8895601C4A2A}.Debug|Any CPU.ActiveCfg = Debug|Any CPU
		{64286920-A476-48C3-9A6D-8895601C4A2A}.Debug|Any CPU.Build.0 = Debug|Any CPU
		{64286920-A476-48C3-9A6D-8895601C4A2A}.Release|Any CPU.ActiveCfg = Release|Any CPU
		{64286920-A476-48C3-9A6D-8895601C4A2A}.Release|Any CPU.Build.0 = Release|Any CPU
		{D16F85FA-D016-40AC-9357-DF455E0E48A8}.Debug|Any CPU.ActiveCfg = Debug|Any CPU
		{D16F85FA-D016-40AC-9357-DF455E0E48A8}.Debug|Any CPU.Build.0 = Debug|Any CPU
		{D16F85FA-D016-40AC-9357-DF455E0E48A8}.Release|Any CPU.ActiveCfg = Release|Any CPU
		{D16F85FA-D016-40AC-9357-DF455E0E48A8}.Release|Any CPU.Build.0 = Release|Any CPU
		{08D4C090-A6E3-4ED1-9D4C-C88636AFAFEE}.Debug|Any CPU.ActiveCfg = Debug|Any CPU
		{08D4C090-A6E3-4ED1-9D4C-C88636AFAFEE}.Debug|Any CPU.Build.0 = Debug|Any CPU
		{08D4C090-A6E3-4ED1-9D4C-C88636AFAFEE}.Release|Any CPU.ActiveCfg = Release|Any CPU
		{08D4C090-A6E3-4ED1-9D4C-C88636AFAFEE}.Release|Any CPU.Build.0 = Release|Any CPU
		{7CB99ACF-7F3A-41D4-969F-1B5EB4B5A8B7}.Debug|Any CPU.ActiveCfg = Debug|Any CPU
		{7CB99ACF-7F3A-41D4-969F-1B5EB4B5A8B7}.Debug|Any CPU.Build.0 = Debug|Any CPU
		{7CB99ACF-7F3A-41D4-969F-1B5EB4B5A8B7}.Release|Any CPU.ActiveCfg = Release|Any CPU
		{7CB99ACF-7F3A-41D4-969F-1B5EB4B5A8B7}.Release|Any CPU.Build.0 = Release|Any CPU
		{1EF3C646-DD5D-440D-BD34-636285D5EB51}.Debug|Any CPU.ActiveCfg = Debug|Any CPU
		{1EF3C646-DD5D-440D-BD34-636285D5EB51}.Debug|Any CPU.Build.0 = Debug|Any CPU
		{1EF3C646-DD5D-440D-BD34-636285D5EB51}.Release|Any CPU.ActiveCfg = Release|Any CPU
		{1EF3C646-DD5D-440D-BD34-636285D5EB51}.Release|Any CPU.Build.0 = Release|Any CPU
		{5DB99504-5C74-4F11-99A1-8512728A31A9}.Debug|Any CPU.ActiveCfg = Debug|Any CPU
		{5DB99504-5C74-4F11-99A1-8512728A31A9}.Debug|Any CPU.Build.0 = Debug|Any CPU
		{5DB99504-5C74-4F11-99A1-8512728A31A9}.Release|Any CPU.ActiveCfg = Release|Any CPU
		{5DB99504-5C74-4F11-99A1-8512728A31A9}.Release|Any CPU.Build.0 = Release|Any CPU
	EndGlobalSection
	GlobalSection(SolutionProperties) = preSolution
		HideSolutionNode = FALSE
	EndGlobalSection
	GlobalSection(NestedProjects) = preSolution
		{4012DFAA-7D47-43EC-B8D7-118946572DF6} = {D9166DE6-DC81-40BF-A9A7-2B3E43E90DA3}
		{C391FE60-5664-4790-8201-28AA4126DFEF} = {D9166DE6-DC81-40BF-A9A7-2B3E43E90DA3}
		{1CF81D71-20DE-4587-95DE-722627E21E93} = {D9166DE6-DC81-40BF-A9A7-2B3E43E90DA3}
		{8E3905DC-A5AE-4B4A-9906-10AAB5E91AF8} = {D9166DE6-DC81-40BF-A9A7-2B3E43E90DA3}
		{1B23D1E3-DB79-4EC3-BC16-75E1E0C39DFB} = {56CCE764-F6A9-4940-8756-7176F2DD03CD}
		{536B4BB4-7378-4DD8-8DBC-AABD060B9350} = {56CCE764-F6A9-4940-8756-7176F2DD03CD}
		{BDC02190-857B-4AA1-9E30-83661E864F09} = {56CCE764-F6A9-4940-8756-7176F2DD03CD}
		{64286920-A476-48C3-9A6D-8895601C4A2A} = {56CCE764-F6A9-4940-8756-7176F2DD03CD}
		{D16F85FA-D016-40AC-9357-DF455E0E48A8} = {56CCE764-F6A9-4940-8756-7176F2DD03CD}
		{08D4C090-A6E3-4ED1-9D4C-C88636AFAFEE} = {56CCE764-F6A9-4940-8756-7176F2DD03CD}
		{1EF3C646-DD5D-440D-BD34-636285D5EB51} = {56CCE764-F6A9-4940-8756-7176F2DD03CD}
		{5DB99504-5C74-4F11-99A1-8512728A31A9} = {56CCE764-F6A9-4940-8756-7176F2DD03CD}
		{A0E81F79-A897-4C62-93ED-A6B48D711432} = {0AB9529A-4E8B-4C69-9627-6C69D4FFE03C}
		{06744468-067F-46B4-9AE7-32125439A840} = {0AB9529A-4E8B-4C69-9627-6C69D4FFE03C}
		{703E5982-020C-4319-BCE9-AF6B2EC5928E} = {0AB9529A-4E8B-4C69-9627-6C69D4FFE03C}
		{B3499150-EF72-407F-A1AF-39325BCE40EC} = {0AB9529A-4E8B-4C69-9627-6C69D4FFE03C}
		{517593D6-DE30-4FD3-80F1-D99F02AD8B04} = {DADD4BE7-DFDF-429A-AC0C-B9B71238BA1F}
		{D2998252-1DCF-4A92-8DDA-C6B6C5958891} = {E81018F5-8830-4DD6-8B65-7F3AA7CB3D54}
		{C0964E79-760E-4044-8F83-A3FD019FB25C} = {E81018F5-8830-4DD6-8B65-7F3AA7CB3D54}
		{CFFEC94F-E6E8-4060-8E52-C9354F65866B} = {E81018F5-8830-4DD6-8B65-7F3AA7CB3D54}
		{379986D2-BBCF-4E2B-8B41-4BC31EC19EAD} = {E81018F5-8830-4DD6-8B65-7F3AA7CB3D54}
		{7CB99ACF-7F3A-41D4-969F-1B5EB4B5A8B7} = {E81018F5-8830-4DD6-8B65-7F3AA7CB3D54}
		{8A4549BF-6405-4622-BFCF-869BBD6EE700} = {379986D2-BBCF-4E2B-8B41-4BC31EC19EAD}
		{B58D429A-8C11-4A27-91FD-9A3431561D7F} = {379986D2-BBCF-4E2B-8B41-4BC31EC19EAD}
	EndGlobalSection
EndGlobal
